
Microsoft Visual Studio Solution File, Format Version 12.00
# Visual Studio Version 17
VisualStudioVersion = 17.7.34221.43
MinimumVisualStudioVersion = 10.0.40219.1
Project("{FAE04EC0-301F-11D3-BF4B-00C04F79EFBC}") = "Cold Storage", "Cold Storage\Cold Storage.csproj", "{CFA40609-B379-4BC1-89AB-7C2B47D5E4A4}"
EndProject
Global
	GlobalSection(SolutionConfigurationPlatforms) = preSolution
		Debug|Any CPU = Debug|Any CPU
		Release|Any CPU = Release|Any CPU
	EndGlobalSection
	GlobalSection(ProjectConfigurationPlatforms) = postSolution
		{CFA40609-B379-4BC1-89AB-7C2B47D5E4A4}.Debug|Any CPU.ActiveCfg = Debug|Any CPU
		{CFA40609-B379-4BC1-89AB-7C2B47D5E4A4}.Debug|Any CPU.Build.0 = Debug|Any CPU
		{CFA40609-B379-4BC1-89AB-7C2B47D5E4A4}.Release|Any CPU.ActiveCfg = Release|Any CPU
		{CFA40609-B379-4BC1-89AB-7C2B47D5E4A4}.Release|Any CPU.Build.0 = Release|Any CPU
	EndGlobalSection
	GlobalSection(SolutionProperties) = preSolution
		HideSolutionNode = FALSE
	EndGlobalSection
	GlobalSection(ExtensibilityGlobals) = postSolution
		SolutionGuid = {33C1AE35-F0B4-4006-A941-B48763D15D11}
	EndGlobalSection
EndGlobal
